
Microsoft Visual Studio Solution File, Format Version 12.00
# Visual Studio Version 16
VisualStudioVersion = 16.0.31515.178
MinimumVisualStudioVersion = 10.0.40219.1
Project("{FAE04EC0-301F-11D3-BF4B-00C04F79EFBC}") = "stimulator(realtime)", "stimulator(realtime)\stimulator(realtime).csproj", "{B7B83222-4E52-48E4-A6DE-31F494D71E9D}"
EndProject
Global
	GlobalSection(SolutionConfigurationPlatforms) = preSolution
		Debug|Any CPU = Debug|Any CPU
		Release|Any CPU = Release|Any CPU
	EndGlobalSection
	GlobalSection(ProjectConfigurationPlatforms) = postSolution
		{B7B83222-4E52-48E4-A6DE-31F494D71E9D}.Debug|Any CPU.ActiveCfg = Debug|Any CPU
		{B7B83222-4E52-48E4-A6DE-31F494D71E9D}.Debug|Any CPU.Build.0 = Debug|Any CPU
		{B7B83222-4E52-48E4-A6DE-31F494D71E9D}.Release|Any CPU.ActiveCfg = Release|Any CPU
		{B7B83222-4E52-48E4-A6DE-31F494D71E9D}.Release|Any CPU.Build.0 = Release|Any CPU
	EndGlobalSection
	GlobalSection(SolutionProperties) = preSolution
		HideSolutionNode = FALSE
	EndGlobalSection
	GlobalSection(ExtensibilityGlobals) = postSolution
		SolutionGuid = {91FF5097-4EC5-4C54-8B53-0C6851A65A63}
	EndGlobalSection
EndGlobal
